
Microsoft Visual Studio Solution File, Format Version 12.00
# Visual Studio 2012
Project("{8BC9CEB8-8B4A-11D0-8D11-00A0C91BC942}") = "Tick-Tack Toe", "Tick-Tack Toe\Tick-Tack Toe.vcxproj", "{503A5A4C-AED5-4F48-BA12-62AADDA0DE48}"
EndProject
Global
	GlobalSection(SolutionConfigurationPlatforms) = preSolution
		Debug|Win32 = Debug|Win32
		Release|Win32 = Release|Win32
	EndGlobalSection
	GlobalSection(ProjectConfigurationPlatforms) = postSolution
		{503A5A4C-AED5-4F48-BA12-62AADDA0DE48}.Debug|Win32.ActiveCfg = Debug|Win32
		{503A5A4C-AED5-4F48-BA12-62AADDA0DE48}.Debug|Win32.Build.0 = Debug|Win32
		{503A5A4C-AED5-4F48-BA12-62AADDA0DE48}.Release|Win32.ActiveCfg = Release|Win32
		{503A5A4C-AED5-4F48-BA12-62AADDA0DE48}.Release|Win32.Build.0 = Release|Win32
	EndGlobalSection
	GlobalSection(SolutionProperties) = preSolution
		HideSolutionNode = FALSE
	EndGlobalSection
EndGlobal
